
Microsoft Visual Studio Solution File, Format Version 12.00
# Visual Studio Version 16
VisualStudioVersion = 16.0.31605.320
MinimumVisualStudioVersion = 10.0.40219.1
Project("{9A19103F-16F7-4668-BE54-9A1E7A4F7556}") = "SQLiteDatabaseManager", "SQLiteDatabaseManager\SQLiteDatabaseManager.csproj", "{FAD13A9E-4D21-4B16-8D7A-9EC9B42E6C60}"
EndProject
Project("{2150E333-8FDC-42A3-9474-1A3956D46DE8}") = "Solution Items", "Solution Items", "{19883170-6F4A-4CEC-8581-49181BDB805D}"
	ProjectSection(SolutionItems) = preProject
		.editorconfig = .editorconfig
	EndProjectSection
EndProject
Project("{FAE04EC0-301F-11D3-BF4B-00C04F79EFBC}") = "SQLiteDatabaseManagerTest", "SQLiteDatabaseManagerTest\SQLiteDatabaseManagerTest.csproj", "{07F6B25E-346C-41E3-8D8A-AC2BA74285DA}"
EndProject
Global
	GlobalSection(SolutionConfigurationPlatforms) = preSolution
		Debug|Any CPU = Debug|Any CPU
		Release|Any CPU = Release|Any CPU
	EndGlobalSection
	GlobalSection(ProjectConfigurationPlatforms) = postSolution
		{FAD13A9E-4D21-4B16-8D7A-9EC9B42E6C60}.Debug|Any CPU.ActiveCfg = Debug|Any CPU
		{FAD13A9E-4D21-4B16-8D7A-9EC9B42E6C60}.Debug|Any CPU.Build.0 = Debug|Any CPU
		{FAD13A9E-4D21-4B16-8D7A-9EC9B42E6C60}.Release|Any CPU.ActiveCfg = Release|Any CPU
		{FAD13A9E-4D21-4B16-8D7A-9EC9B42E6C60}.Release|Any CPU.Build.0 = Release|Any CPU
		{07F6B25E-346C-41E3-8D8A-AC2BA74285DA}.Debug|Any CPU.ActiveCfg = Debug|Any CPU
		{07F6B25E-346C-41E3-8D8A-AC2BA74285DA}.Debug|Any CPU.Build.0 = Debug|Any CPU
		{07F6B25E-346C-41E3-8D8A-AC2BA74285DA}.Release|Any CPU.ActiveCfg = Release|Any CPU
		{07F6B25E-346C-41E3-8D8A-AC2BA74285DA}.Release|Any CPU.Build.0 = Release|Any CPU
	EndGlobalSection
	GlobalSection(SolutionProperties) = preSolution
		HideSolutionNode = FALSE
	EndGlobalSection
	GlobalSection(ExtensibilityGlobals) = postSolution
		SolutionGuid = {3FBBCC1E-F887-4C4A-8D17-50E22C1FD491}
	EndGlobalSection
EndGlobal
